
Microsoft Visual Studio Solution File, Format Version 12.00
# Visual Studio Version 17
VisualStudioVersion = 17.4.33403.182
MinimumVisualStudioVersion = 10.0.40219.1
Project("{FAE04EC0-301F-11D3-BF4B-00C04F79EFBC}") = "AplikacjaKomputerowa", "AplikacjaKomputerowa\AplikacjaKomputerowa.csproj", "{8794769E-D500-45AE-8750-01EAB10B545E}"
EndProject
Global
	GlobalSection(SolutionConfigurationPlatforms) = preSolution
		Debug|Any CPU = Debug|Any CPU
		Release|Any CPU = Release|Any CPU
	EndGlobalSection
	GlobalSection(ProjectConfigurationPlatforms) = postSolution
		{8794769E-D500-45AE-8750-01EAB10B545E}.Debug|Any CPU.ActiveCfg = Debug|Any CPU
		{8794769E-D500-45AE-8750-01EAB10B545E}.Debug|Any CPU.Build.0 = Debug|Any CPU
		{8794769E-D500-45AE-8750-01EAB10B545E}.Release|Any CPU.ActiveCfg = Release|Any CPU
		{8794769E-D500-45AE-8750-01EAB10B545E}.Release|Any CPU.Build.0 = Release|Any CPU
	EndGlobalSection
	GlobalSection(SolutionProperties) = preSolution
		HideSolutionNode = FALSE
	EndGlobalSection
	GlobalSection(ExtensibilityGlobals) = postSolution
		SolutionGuid = {4944E586-83AC-4253-A79E-0669CB0DC2D2}
	EndGlobalSection
EndGlobal
